// !$*UTF8*$!
{
	archiveVersion = 1;
	classes = {
	};
	objectVersion = 55;
	objects = {

/* Begin PBXBuildFile section */
		8B14F8592A7FA638008093A9 /* ProfileService.swift in Sources */ = {isa = PBXBuildFile; fileRef = 8B14F8582A7FA638008093A9 /* ProfileService.swift */; };
		8B14F85B2A8918E9008093A9 /* URLSessionExtension.swift in Sources */ = {isa = PBXBuildFile; fileRef = 8B14F85A2A8918E9008093A9 /* URLSessionExtension.swift */; };
		8B3BB9E02A4AD9410024E526 /* ProfileViewController.swift in Sources */ = {isa = PBXBuildFile; fileRef = 8B3BB9DF2A4AD9410024E526 /* ProfileViewController.swift */; };
		8B539BD32B4469DF000F5BF6 /* WebViewPresenter.swift in Sources */ = {isa = PBXBuildFile; fileRef = 8B539BD22B4469DF000F5BF6 /* WebViewPresenter.swift */; };
		8B539BD52B4473ED000F5BF6 /* AuthConfiguration.swift in Sources */ = {isa = PBXBuildFile; fileRef = 8B539BD42B4473ED000F5BF6 /* AuthConfiguration.swift */; };
		8B539BD72B447581000F5BF6 /* AuthHelper.swift in Sources */ = {isa = PBXBuildFile; fileRef = 8B539BD62B447581000F5BF6 /* AuthHelper.swift */; };
		8B539BD92B447886000F5BF6 /* OAuthTokenResponseBody.swift in Sources */ = {isa = PBXBuildFile; fileRef = 8B539BD82B447886000F5BF6 /* OAuthTokenResponseBody.swift */; };
		8B539BDB2B447FCC000F5BF6 /* URLRequestFactory.swift in Sources */ = {isa = PBXBuildFile; fileRef = 8B539BDA2B447FCC000F5BF6 /* URLRequestFactory.swift */; };
		8B539BDD2B4485A9000F5BF6 /* Array + Extension.swift in Sources */ = {isa = PBXBuildFile; fileRef = 8B539BDC2B4485A9000F5BF6 /* Array + Extension.swift */; };
		8B539BDF2B448C48000F5BF6 /* ProfilePresenter.swift in Sources */ = {isa = PBXBuildFile; fileRef = 8B539BDE2B448C48000F5BF6 /* ProfilePresenter.swift */; };
		8B539BE22B44A09D000F5BF6 /* Profile.swift in Sources */ = {isa = PBXBuildFile; fileRef = 8B539BE12B44A09D000F5BF6 /* Profile.swift */; };
		8B539BE42B44A81F000F5BF6 /* ProfileImageStructures.swift in Sources */ = {isa = PBXBuildFile; fileRef = 8B539BE32B44A81F000F5BF6 /* ProfileImageStructures.swift */; };
		8B539BE62B44AC5C000F5BF6 /* ImagesListPresenter.swift in Sources */ = {isa = PBXBuildFile; fileRef = 8B539BE52B44AC5C000F5BF6 /* ImagesListPresenter.swift */; };
		8B539BE92B44ADC7000F5BF6 /* Photo.swift in Sources */ = {isa = PBXBuildFile; fileRef = 8B539BE82B44ADC7000F5BF6 /* Photo.swift */; };
		8B539BEB2B4738F6000F5BF6 /* AlertPresenter.swift in Sources */ = {isa = PBXBuildFile; fileRef = 8B539BEA2B4738F6000F5BF6 /* AlertPresenter.swift */; };
		8B77B2302A5561C000DF02BD /* Colors.swift in Sources */ = {isa = PBXBuildFile; fileRef = 8B77B22F2A5561C000DF02BD /* Colors.swift */; };
		8B7819012A2916C200B1E301 /* AppDelegate.swift in Sources */ = {isa = PBXBuildFile; fileRef = 8B7819002A2916C200B1E301 /* AppDelegate.swift */; };
		8B7819032A2916C200B1E301 /* SceneDelegate.swift in Sources */ = {isa = PBXBuildFile; fileRef = 8B7819022A2916C200B1E301 /* SceneDelegate.swift */; };
		8B7819052A2916C200B1E301 /* ImagesListViewController.swift in Sources */ = {isa = PBXBuildFile; fileRef = 8B7819042A2916C200B1E301 /* ImagesListViewController.swift */; };
		8B7819082A2916C200B1E301 /* Main.storyboard in Resources */ = {isa = PBXBuildFile; fileRef = 8B7819062A2916C200B1E301 /* Main.storyboard */; };
		8B78190A2A2916C300B1E301 /* Assets.xcassets in Resources */ = {isa = PBXBuildFile; fileRef = 8B7819092A2916C300B1E301 /* Assets.xcassets */; };
		8B78190D2A2916C300B1E301 /* LaunchScreen.storyboard in Resources */ = {isa = PBXBuildFile; fileRef = 8B78190B2A2916C300B1E301 /* LaunchScreen.storyboard */; };
		8B7819372A324C7B00B1E301 /* ImagesListCell.swift in Sources */ = {isa = PBXBuildFile; fileRef = 8B7819362A324C7B00B1E301 /* ImagesListCell.swift */; };
		8B830B132B16665700ADB135 /* NetworkError.swift in Sources */ = {isa = PBXBuildFile; fileRef = 8B830B122B16665700ADB135 /* NetworkError.swift */; };
		8B830B162B1B64B100ADB135 /* Kingfisher in Frameworks */ = {isa = PBXBuildFile; productRef = 8B830B152B1B64B100ADB135 /* Kingfisher */; };
		8BB80C632B48432300413563 /* WebViewTests.swift in Sources */ = {isa = PBXBuildFile; fileRef = 8BB80C622B48432300413563 /* WebViewTests.swift */; };
		8BB80C6B2B4843CC00413563 /* WebViewPresenterSpy.swift in Sources */ = {isa = PBXBuildFile; fileRef = 8BB80C6A2B4843CC00413563 /* WebViewPresenterSpy.swift */; };
		8BB80C6D2B4843F800413563 /* WebViewVewControllerSpy.swift in Sources */ = {isa = PBXBuildFile; fileRef = 8BB80C6C2B4843F800413563 /* WebViewVewControllerSpy.swift */; };
		8BB80C752B48446400413563 /* ProfileViewTests.swift in Sources */ = {isa = PBXBuildFile; fileRef = 8BB80C742B48446400413563 /* ProfileViewTests.swift */; };
		8BB80C7C2B4844AD00413563 /* ProfileViewControllerSpy.swift in Sources */ = {isa = PBXBuildFile; fileRef = 8BB80C7B2B4844AD00413563 /* ProfileViewControllerSpy.swift */; };
		8BB80C7E2B48451500413563 /* ProfileViewPresenterSpy.swift in Sources */ = {isa = PBXBuildFile; fileRef = 8BB80C7D2B48451500413563 /* ProfileViewPresenterSpy.swift */; };
		8BB80C862B4845FF00413563 /* ImagesListViewTests.swift in Sources */ = {isa = PBXBuildFile; fileRef = 8BB80C852B4845FF00413563 /* ImagesListViewTests.swift */; };
		8BB80C8D2B48465B00413563 /* ImagesListPresenterSpy.swift in Sources */ = {isa = PBXBuildFile; fileRef = 8BB80C8C2B48465B00413563 /* ImagesListPresenterSpy.swift */; };
		8BC2E14D2B2F3ED6001F0062 /* DateFormatter.swift in Sources */ = {isa = PBXBuildFile; fileRef = 8BC2E14C2B2F3ED6001F0062 /* DateFormatter.swift */; };
		8BC989802B4862E0005BB2FB /* PhotoFeedUITests.swift in Sources */ = {isa = PBXBuildFile; fileRef = 8BC9897F2B4862E0005BB2FB /* PhotoFeedUITests.swift */; };
		8BD276852A6439B6007C1E52 /* OAuthToService.swift in Sources */ = {isa = PBXBuildFile; fileRef = 8BD276842A6439B6007C1E52 /* OAuthToService.swift */; };
		8BD276872A643E1E007C1E52 /* OAuthToTokenStorage.swift in Sources */ = {isa = PBXBuildFile; fileRef = 8BD276862A643E1E007C1E52 /* OAuthToTokenStorage.swift */; };
		8BD2768B2A643F81007C1E52 /* SplashViewController.swift in Sources */ = {isa = PBXBuildFile; fileRef = 8BD2768A2A643F81007C1E52 /* SplashViewController.swift */; };
		8BDE901A2B30E160000DD3EC /* ProfileResult.swift in Sources */ = {isa = PBXBuildFile; fileRef = 8BDE90192B30E160000DD3EC /* ProfileResult.swift */; };
		8BDED5D12ADE957300780F63 /* ProfileImageService.swift in Sources */ = {isa = PBXBuildFile; fileRef = 8BDED5D02ADE957300780F63 /* ProfileImageService.swift */; };
		8BE072C42B1DD75A00FD0B48 /* SwiftKeychainWrapper in Frameworks */ = {isa = PBXBuildFile; productRef = 8BE072C32B1DD75A00FD0B48 /* SwiftKeychainWrapper */; };
		8BE072C62B1DFCA000FD0B48 /* TabBarController.swift in Sources */ = {isa = PBXBuildFile; fileRef = 8BE072C52B1DFCA000FD0B48 /* TabBarController.swift */; };
		8BE072C92B24B64300FD0B48 /* ImagesListService.swift in Sources */ = {isa = PBXBuildFile; fileRef = 8BE072C82B24B64300FD0B48 /* ImagesListService.swift */; };
		8BE072CC2B24B73E00FD0B48 /* PhotoResult.swift in Sources */ = {isa = PBXBuildFile; fileRef = 8BE072CB2B24B73E00FD0B48 /* PhotoResult.swift */; };
		8BE754D82A63F0740066658A /* AuthViewController.swift in Sources */ = {isa = PBXBuildFile; fileRef = 8BE754D72A63F0740066658A /* AuthViewController.swift */; };
		8BE754DC2A63F3BB0066658A /* WebViewViewController.swift in Sources */ = {isa = PBXBuildFile; fileRef = 8BE754DB2A63F3BB0066658A /* WebViewViewController.swift */; };
		8BF9A93D2A6FD96C00D0EE72 /* ProgressHUD in Frameworks */ = {isa = PBXBuildFile; productRef = 8BF9A93C2A6FD96C00D0EE72 /* ProgressHUD */; };
		8BF9A93F2A70081000D0EE72 /* UIBlockingProgressHUD.swift in Sources */ = {isa = PBXBuildFile; fileRef = 8BF9A93E2A70081000D0EE72 /* UIBlockingProgressHUD.swift */; };
		8BFA38372A4C7A1800FCF538 /* SingleImageViewController.swift in Sources */ = {isa = PBXBuildFile; fileRef = 8BFA38362A4C7A1800FCF538 /* SingleImageViewController.swift */; };
/* End PBXBuildFile section */

/* Begin PBXContainerItemProxy section */
		8BB80C642B48432300413563 /* PBXContainerItemProxy */ = {
			isa = PBXContainerItemProxy;
			containerPortal = 8B7818F52A2916C200B1E301 /* Project object */;
			proxyType = 1;
			remoteGlobalIDString = 8B7818FC2A2916C200B1E301;
			remoteInfo = PhotoFeed;
		};
		8BB80C762B48446400413563 /* PBXContainerItemProxy */ = {
			isa = PBXContainerItemProxy;
			containerPortal = 8B7818F52A2916C200B1E301 /* Project object */;
			proxyType = 1;
			remoteGlobalIDString = 8B7818FC2A2916C200B1E301;
			remoteInfo = PhotoFeed;
		};
		8BB80C872B4845FF00413563 /* PBXContainerItemProxy */ = {
			isa = PBXContainerItemProxy;
			containerPortal = 8B7818F52A2916C200B1E301 /* Project object */;
			proxyType = 1;
			remoteGlobalIDString = 8B7818FC2A2916C200B1E301;
			remoteInfo = PhotoFeed;
		};
		8BC989832B4862E0005BB2FB /* PBXContainerItemProxy */ = {
			isa = PBXContainerItemProxy;
			containerPortal = 8B7818F52A2916C200B1E301 /* Project object */;
			proxyType = 1;
			remoteGlobalIDString = 8B7818FC2A2916C200B1E301;
			remoteInfo = PhotoFeed;
		};
/* End PBXContainerItemProxy section */

/* Begin PBXFileReference section */
		8B14F8582A7FA638008093A9 /* ProfileService.swift */ = {isa = PBXFileReference; lastKnownFileType = sourcecode.swift; path = ProfileService.swift; sourceTree = "<group>"; };
		8B14F85A2A8918E9008093A9 /* URLSessionExtension.swift */ = {isa = PBXFileReference; lastKnownFileType = sourcecode.swift; path = URLSessionExtension.swift; sourceTree = "<group>"; };
		8B3BB9DF2A4AD9410024E526 /* ProfileViewController.swift */ = {isa = PBXFileReference; lastKnownFileType = sourcecode.swift; path = ProfileViewController.swift; sourceTree = "<group>"; };
		8B539BD22B4469DF000F5BF6 /* WebViewPresenter.swift */ = {isa = PBXFileReference; lastKnownFileType = sourcecode.swift; path = WebViewPresenter.swift; sourceTree = "<group>"; };
		8B539BD42B4473ED000F5BF6 /* AuthConfiguration.swift */ = {isa = PBXFileReference; lastKnownFileType = sourcecode.swift; path = AuthConfiguration.swift; sourceTree = "<group>"; };
		8B539BD62B447581000F5BF6 /* AuthHelper.swift */ = {isa = PBXFileReference; lastKnownFileType = sourcecode.swift; path = AuthHelper.swift; sourceTree = "<group>"; };
		8B539BD82B447886000F5BF6 /* OAuthTokenResponseBody.swift */ = {isa = PBXFileReference; lastKnownFileType = sourcecode.swift; path = OAuthTokenResponseBody.swift; sourceTree = "<group>"; };
		8B539BDA2B447FCC000F5BF6 /* URLRequestFactory.swift */ = {isa = PBXFileReference; lastKnownFileType = sourcecode.swift; path = URLRequestFactory.swift; sourceTree = "<group>"; };
		8B539BDC2B4485A9000F5BF6 /* Array + Extension.swift */ = {isa = PBXFileReference; lastKnownFileType = sourcecode.swift; path = "Array + Extension.swift"; sourceTree = "<group>"; };
		8B539BDE2B448C48000F5BF6 /* ProfilePresenter.swift */ = {isa = PBXFileReference; lastKnownFileType = sourcecode.swift; path = ProfilePresenter.swift; sourceTree = "<group>"; };
		8B539BE12B44A09D000F5BF6 /* Profile.swift */ = {isa = PBXFileReference; lastKnownFileType = sourcecode.swift; path = Profile.swift; sourceTree = "<group>"; };
		8B539BE32B44A81F000F5BF6 /* ProfileImageStructures.swift */ = {isa = PBXFileReference; lastKnownFileType = sourcecode.swift; path = ProfileImageStructures.swift; sourceTree = "<group>"; };
		8B539BE52B44AC5C000F5BF6 /* ImagesListPresenter.swift */ = {isa = PBXFileReference; lastKnownFileType = sourcecode.swift; path = ImagesListPresenter.swift; sourceTree = "<group>"; };
		8B539BE82B44ADC7000F5BF6 /* Photo.swift */ = {isa = PBXFileReference; lastKnownFileType = sourcecode.swift; path = Photo.swift; sourceTree = "<group>"; };
		8B539BEA2B4738F6000F5BF6 /* AlertPresenter.swift */ = {isa = PBXFileReference; lastKnownFileType = sourcecode.swift; path = AlertPresenter.swift; sourceTree = "<group>"; };
		8B77B22F2A5561C000DF02BD /* Colors.swift */ = {isa = PBXFileReference; lastKnownFileType = sourcecode.swift; path = Colors.swift; sourceTree = "<group>"; };
		8B7818FD2A2916C200B1E301 /* PhotoFeed.app */ = {isa = PBXFileReference; explicitFileType = wrapper.application; includeInIndex = 0; path = PhotoFeed.app; sourceTree = BUILT_PRODUCTS_DIR; };
		8B7819002A2916C200B1E301 /* AppDelegate.swift */ = {isa = PBXFileReference; lastKnownFileType = sourcecode.swift; path = AppDelegate.swift; sourceTree = "<group>"; };
		8B7819022A2916C200B1E301 /* SceneDelegate.swift */ = {isa = PBXFileReference; lastKnownFileType = sourcecode.swift; path = SceneDelegate.swift; sourceTree = "<group>"; };
		8B7819042A2916C200B1E301 /* ImagesListViewController.swift */ = {isa = PBXFileReference; lastKnownFileType = sourcecode.swift; path = ImagesListViewController.swift; sourceTree = "<group>"; };
		8B7819072A2916C200B1E301 /* Base */ = {isa = PBXFileReference; lastKnownFileType = file.storyboard; name = Base; path = Base.lproj/Main.storyboard; sourceTree = "<group>"; };
		8B7819092A2916C300B1E301 /* Assets.xcassets */ = {isa = PBXFileReference; lastKnownFileType = folder.assetcatalog; path = Assets.xcassets; sourceTree = "<group>"; };
		8B78190C2A2916C300B1E301 /* Base */ = {isa = PBXFileReference; lastKnownFileType = file.storyboard; name = Base; path = Base.lproj/LaunchScreen.storyboard; sourceTree = "<group>"; };
		8B78190E2A2916C300B1E301 /* Info.plist */ = {isa = PBXFileReference; lastKnownFileType = text.plist.xml; path = Info.plist; sourceTree = "<group>"; };
		8B7819362A324C7B00B1E301 /* ImagesListCell.swift */ = {isa = PBXFileReference; lastKnownFileType = sourcecode.swift; path = ImagesListCell.swift; sourceTree = "<group>"; };
		8B830B122B16665700ADB135 /* NetworkError.swift */ = {isa = PBXFileReference; lastKnownFileType = sourcecode.swift; path = NetworkError.swift; sourceTree = "<group>"; };
		8BB80C602B48432300413563 /* WebViewTests.xctest */ = {isa = PBXFileReference; explicitFileType = wrapper.cfbundle; includeInIndex = 0; path = WebViewTests.xctest; sourceTree = BUILT_PRODUCTS_DIR; };
		8BB80C622B48432300413563 /* WebViewTests.swift */ = {isa = PBXFileReference; lastKnownFileType = sourcecode.swift; path = WebViewTests.swift; sourceTree = "<group>"; };
		8BB80C6A2B4843CC00413563 /* WebViewPresenterSpy.swift */ = {isa = PBXFileReference; lastKnownFileType = sourcecode.swift; path = WebViewPresenterSpy.swift; sourceTree = "<group>"; };
		8BB80C6C2B4843F800413563 /* WebViewVewControllerSpy.swift */ = {isa = PBXFileReference; lastKnownFileType = sourcecode.swift; path = WebViewVewControllerSpy.swift; sourceTree = "<group>"; };
		8BB80C722B48446300413563 /* ProfileViewTests.xctest */ = {isa = PBXFileReference; explicitFileType = wrapper.cfbundle; includeInIndex = 0; path = ProfileViewTests.xctest; sourceTree = BUILT_PRODUCTS_DIR; };
		8BB80C742B48446400413563 /* ProfileViewTests.swift */ = {isa = PBXFileReference; lastKnownFileType = sourcecode.swift; path = ProfileViewTests.swift; sourceTree = "<group>"; };
		8BB80C7B2B4844AD00413563 /* ProfileViewControllerSpy.swift */ = {isa = PBXFileReference; lastKnownFileType = sourcecode.swift; path = ProfileViewControllerSpy.swift; sourceTree = "<group>"; };
		8BB80C7D2B48451500413563 /* ProfileViewPresenterSpy.swift */ = {isa = PBXFileReference; lastKnownFileType = sourcecode.swift; path = ProfileViewPresenterSpy.swift; sourceTree = "<group>"; };
		8BB80C832B4845FF00413563 /* ImagesListViewTests.xctest */ = {isa = PBXFileReference; explicitFileType = wrapper.cfbundle; includeInIndex = 0; path = ImagesListViewTests.xctest; sourceTree = BUILT_PRODUCTS_DIR; };
		8BB80C852B4845FF00413563 /* ImagesListViewTests.swift */ = {isa = PBXFileReference; lastKnownFileType = sourcecode.swift; path = ImagesListViewTests.swift; sourceTree = "<group>"; };
		8BB80C8C2B48465B00413563 /* ImagesListPresenterSpy.swift */ = {isa = PBXFileReference; lastKnownFileType = sourcecode.swift; path = ImagesListPresenterSpy.swift; sourceTree = "<group>"; };
		8BC2E14C2B2F3ED6001F0062 /* DateFormatter.swift */ = {isa = PBXFileReference; lastKnownFileType = sourcecode.swift; path = DateFormatter.swift; sourceTree = "<group>"; };
		8BC9897D2B4862E0005BB2FB /* PhotoFeedUITests.xctest */ = {isa = PBXFileReference; explicitFileType = wrapper.cfbundle; includeInIndex = 0; path = PhotoFeedUITests.xctest; sourceTree = BUILT_PRODUCTS_DIR; };
		8BC9897F2B4862E0005BB2FB /* PhotoFeedUITests.swift */ = {isa = PBXFileReference; lastKnownFileType = sourcecode.swift; path = PhotoFeedUITests.swift; sourceTree = "<group>"; };
		8BD276842A6439B6007C1E52 /* OAuthToService.swift */ = {isa = PBXFileReference; lastKnownFileType = sourcecode.swift; path = OAuthToService.swift; sourceTree = "<group>"; };
		8BD276862A643E1E007C1E52 /* OAuthToTokenStorage.swift */ = {isa = PBXFileReference; lastKnownFileType = sourcecode.swift; path = OAuthToTokenStorage.swift; sourceTree = "<group>"; };
		8BD2768A2A643F81007C1E52 /* SplashViewController.swift */ = {isa = PBXFileReference; lastKnownFileType = sourcecode.swift; path = SplashViewController.swift; sourceTree = "<group>"; };
		8BDE90192B30E160000DD3EC /* ProfileResult.swift */ = {isa = PBXFileReference; lastKnownFileType = sourcecode.swift; path = ProfileResult.swift; sourceTree = "<group>"; };
		8BDED5D02ADE957300780F63 /* ProfileImageService.swift */ = {isa = PBXFileReference; lastKnownFileType = sourcecode.swift; path = ProfileImageService.swift; sourceTree = "<group>"; };
		8BE072C52B1DFCA000FD0B48 /* TabBarController.swift */ = {isa = PBXFileReference; lastKnownFileType = sourcecode.swift; path = TabBarController.swift; sourceTree = "<group>"; };
		8BE072C82B24B64300FD0B48 /* ImagesListService.swift */ = {isa = PBXFileReference; lastKnownFileType = sourcecode.swift; path = ImagesListService.swift; sourceTree = "<group>"; };
		8BE072CB2B24B73E00FD0B48 /* PhotoResult.swift */ = {isa = PBXFileReference; lastKnownFileType = sourcecode.swift; path = PhotoResult.swift; sourceTree = "<group>"; };
		8BE754D72A63F0740066658A /* AuthViewController.swift */ = {isa = PBXFileReference; lastKnownFileType = sourcecode.swift; path = AuthViewController.swift; sourceTree = "<group>"; };
		8BE754DB2A63F3BB0066658A /* WebViewViewController.swift */ = {isa = PBXFileReference; lastKnownFileType = sourcecode.swift; path = WebViewViewController.swift; sourceTree = "<group>"; };
		8BF9A93E2A70081000D0EE72 /* UIBlockingProgressHUD.swift */ = {isa = PBXFileReference; lastKnownFileType = sourcecode.swift; path = UIBlockingProgressHUD.swift; sourceTree = "<group>"; };
		8BFA38362A4C7A1800FCF538 /* SingleImageViewController.swift */ = {isa = PBXFileReference; lastKnownFileType = sourcecode.swift; path = SingleImageViewController.swift; sourceTree = "<group>"; };
/* End PBXFileReference section */

/* Begin PBXFrameworksBuildPhase section */
		8B7818FA2A2916C200B1E301 /* Frameworks */ = {
			isa = PBXFrameworksBuildPhase;
			buildActionMask = 2147483647;
			files = (
				8B830B162B1B64B100ADB135 /* Kingfisher in Frameworks */,
				8BF9A93D2A6FD96C00D0EE72 /* ProgressHUD in Frameworks */,
				8BE072C42B1DD75A00FD0B48 /* SwiftKeychainWrapper in Frameworks */,
			);
			runOnlyForDeploymentPostprocessing = 0;
		};
		8BB80C5D2B48432300413563 /* Frameworks */ = {
			isa = PBXFrameworksBuildPhase;
			buildActionMask = 2147483647;
			files = (
			);
			runOnlyForDeploymentPostprocessing = 0;
		};
		8BB80C6F2B48446300413563 /* Frameworks */ = {
			isa = PBXFrameworksBuildPhase;
			buildActionMask = 2147483647;
			files = (
			);
			runOnlyForDeploymentPostprocessing = 0;
		};
		8BB80C802B4845FF00413563 /* Frameworks */ = {
			isa = PBXFrameworksBuildPhase;
			buildActionMask = 2147483647;
			files = (
			);
			runOnlyForDeploymentPostprocessing = 0;
		};
		8BC9897A2B4862E0005BB2FB /* Frameworks */ = {
			isa = PBXFrameworksBuildPhase;
			buildActionMask = 2147483647;
			files = (
			);
			runOnlyForDeploymentPostprocessing = 0;
		};
/* End PBXFrameworksBuildPhase section */

/* Begin PBXGroup section */
		8B14F85C2A8918EE008093A9 /* Helpers */ = {
			isa = PBXGroup;
			children = (
				8B539BD42B4473ED000F5BF6 /* AuthConfiguration.swift */,
				8B539BD62B447581000F5BF6 /* AuthHelper.swift */,
				8BF9A93E2A70081000D0EE72 /* UIBlockingProgressHUD.swift */,
				8B77B22F2A5561C000DF02BD /* Colors.swift */,
				8BC2E14C2B2F3ED6001F0062 /* DateFormatter.swift */,
				8B539BDC2B4485A9000F5BF6 /* Array + Extension.swift */,
			);
			path = Helpers;
			sourceTree = "<group>";
		};
		8B539BE02B44A07C000F5BF6 /* ProfileStructures */ = {
			isa = PBXGroup;
			children = (
				8BDE90192B30E160000DD3EC /* ProfileResult.swift */,
				8B539BE12B44A09D000F5BF6 /* Profile.swift */,
				8B539BE32B44A81F000F5BF6 /* ProfileImageStructures.swift */,
			);
			path = ProfileStructures;
			sourceTree = "<group>";
		};
		8B539BE72B44ACA5000F5BF6 /* ImagesListStructures */ = {
			isa = PBXGroup;
			children = (
				8BE072CB2B24B73E00FD0B48 /* PhotoResult.swift */,
				8B539BE82B44ADC7000F5BF6 /* Photo.swift */,
			);
			path = ImagesListStructures;
			sourceTree = "<group>";
		};
		8B7818F42A2916C200B1E301 = {
			isa = PBXGroup;
			children = (
				8B7818FF2A2916C200B1E301 /* PhotoFeed */,
				8BB80C612B48432300413563 /* PhotoFeedTests */,
				8BC9897E2B4862E0005BB2FB /* PhotoFeedUITests */,
				8B7818FE2A2916C200B1E301 /* Products */,
			);
			sourceTree = "<group>";
		};
		8B7818FE2A2916C200B1E301 /* Products */ = {
			isa = PBXGroup;
			children = (
				8B7818FD2A2916C200B1E301 /* PhotoFeed.app */,
				8BB80C602B48432300413563 /* WebViewTests.xctest */,
				8BB80C722B48446300413563 /* ProfileViewTests.xctest */,
				8BB80C832B4845FF00413563 /* ImagesListViewTests.xctest */,
				8BC9897D2B4862E0005BB2FB /* PhotoFeedUITests.xctest */,
			);
			name = Products;
			sourceTree = "<group>";
		};
		8B7818FF2A2916C200B1E301 /* PhotoFeed */ = {
			isa = PBXGroup;
			children = (
				8B7819002A2916C200B1E301 /* AppDelegate.swift */,
				8B7819022A2916C200B1E301 /* SceneDelegate.swift */,
				8B14F85C2A8918EE008093A9 /* Helpers */,
				8BDE90182B30E0C2000DD3EC /* Network */,
				8BD276822A6434C1007C1E52 /* SplashView */,
				8BE754D92A63F0B60066658A /* Auth */,
				8BE072C72B1DFCAE00FD0B48 /* TabBarController */,
				8B7819382A324CB700B1E301 /* ImagesList */,
				8BFA38352A4C77FC00FCF538 /* Profile */,
				8BE754DA2A63F27C0066658A /* SingleImageView */,
				8B7819062A2916C200B1E301 /* Main.storyboard */,
				8B7819092A2916C300B1E301 /* Assets.xcassets */,
				8B78190B2A2916C300B1E301 /* LaunchScreen.storyboard */,
				8B78190E2A2916C300B1E301 /* Info.plist */,
			);
			path = PhotoFeed;
			sourceTree = "<group>";
		};
		8B7819382A324CB700B1E301 /* ImagesList */ = {
			isa = PBXGroup;
			children = (
				8B539BE72B44ACA5000F5BF6 /* ImagesListStructures */,
				8B539BE52B44AC5C000F5BF6 /* ImagesListPresenter.swift */,
				8B7819042A2916C200B1E301 /* ImagesListViewController.swift */,
				8BE072C82B24B64300FD0B48 /* ImagesListService.swift */,
				8B7819362A324C7B00B1E301 /* ImagesListCell.swift */,
			);
			path = ImagesList;
			sourceTree = "<group>";
		};
		8BB80C612B48432300413563 /* PhotoFeedTests */ = {
			isa = PBXGroup;
			children = (
				8BB80C842B4845FF00413563 /* ImagesListViewTests */,
				8BB80C732B48446400413563 /* ProfileViewTests */,
				8BB80C692B48439000413563 /* WebViewTests */,
			);
			path = PhotoFeedTests;
			sourceTree = "<group>";
		};
		8BB80C692B48439000413563 /* WebViewTests */ = {
			isa = PBXGroup;
			children = (
				8BB80C622B48432300413563 /* WebViewTests.swift */,
				8BB80C6C2B4843F800413563 /* WebViewVewControllerSpy.swift */,
				8BB80C6A2B4843CC00413563 /* WebViewPresenterSpy.swift */,
			);
			path = WebViewTests;
			sourceTree = "<group>";
		};
		8BB80C732B48446400413563 /* ProfileViewTests */ = {
			isa = PBXGroup;
			children = (
				8BB80C742B48446400413563 /* ProfileViewTests.swift */,
				8BB80C7B2B4844AD00413563 /* ProfileViewControllerSpy.swift */,
				8BB80C7D2B48451500413563 /* ProfileViewPresenterSpy.swift */,
			);
			path = ProfileViewTests;
			sourceTree = "<group>";
		};
		8BB80C842B4845FF00413563 /* ImagesListViewTests */ = {
			isa = PBXGroup;
			children = (
				8BB80C852B4845FF00413563 /* ImagesListViewTests.swift */,
				8BB80C8C2B48465B00413563 /* ImagesListPresenterSpy.swift */,
			);
			path = ImagesListViewTests;
			sourceTree = "<group>";
		};
		8BC9897E2B4862E0005BB2FB /* PhotoFeedUITests */ = {
			isa = PBXGroup;
			children = (
				8BC9897F2B4862E0005BB2FB /* PhotoFeedUITests.swift */,
			);
			path = PhotoFeedUITests;
			sourceTree = "<group>";
		};
		8BD276822A6434C1007C1E52 /* SplashView */ = {
			isa = PBXGroup;
			children = (
				8BD2768A2A643F81007C1E52 /* SplashViewController.swift */,
				8B539BEA2B4738F6000F5BF6 /* AlertPresenter.swift */,
			);
			path = SplashView;
			sourceTree = "<group>";
		};
		8BD276832A6434DD007C1E52 /* ServerAPI */ = {
			isa = PBXGroup;
			children = (
				8B539BD82B447886000F5BF6 /* OAuthTokenResponseBody.swift */,
				8BD276842A6439B6007C1E52 /* OAuthToService.swift */,
				8BD276862A643E1E007C1E52 /* OAuthToTokenStorage.swift */,
			);
			path = ServerAPI;
			sourceTree = "<group>";
		};
		8BDE90182B30E0C2000DD3EC /* Network */ = {
			isa = PBXGroup;
			children = (
				8B14F85A2A8918E9008093A9 /* URLSessionExtension.swift */,
				8B539BDA2B447FCC000F5BF6 /* URLRequestFactory.swift */,
				8B830B122B16665700ADB135 /* NetworkError.swift */,
			);
			path = Network;
			sourceTree = "<group>";
		};
		8BE072C72B1DFCAE00FD0B48 /* TabBarController */ = {
			isa = PBXGroup;
			children = (
				8BE072C52B1DFCA000FD0B48 /* TabBarController.swift */,
			);
			path = TabBarController;
			sourceTree = "<group>";
		};
		8BE754D92A63F0B60066658A /* Auth */ = {
			isa = PBXGroup;
			children = (
				8BD276832A6434DD007C1E52 /* ServerAPI */,
				8BE754D72A63F0740066658A /* AuthViewController.swift */,
				8BE754DB2A63F3BB0066658A /* WebViewViewController.swift */,
				8B539BD22B4469DF000F5BF6 /* WebViewPresenter.swift */,
			);
			path = Auth;
			sourceTree = "<group>";
		};
		8BE754DA2A63F27C0066658A /* SingleImageView */ = {
			isa = PBXGroup;
			children = (
				8BFA38362A4C7A1800FCF538 /* SingleImageViewController.swift */,
			);
			path = SingleImageView;
			sourceTree = "<group>";
		};
		8BFA38352A4C77FC00FCF538 /* Profile */ = {
			isa = PBXGroup;
			children = (
				8B539BE02B44A07C000F5BF6 /* ProfileStructures */,
				8B539BDE2B448C48000F5BF6 /* ProfilePresenter.swift */,
				8B3BB9DF2A4AD9410024E526 /* ProfileViewController.swift */,
				8BDED5D02ADE957300780F63 /* ProfileImageService.swift */,
				8B14F8582A7FA638008093A9 /* ProfileService.swift */,
			);
			path = Profile;
			sourceTree = "<group>";
		};
/* End PBXGroup section */

/* Begin PBXNativeTarget section */
		8B7818FC2A2916C200B1E301 /* PhotoFeed */ = {
			isa = PBXNativeTarget;
			buildConfigurationList = 8B7819112A2916C300B1E301 /* Build configuration list for PBXNativeTarget "PhotoFeed" */;
			buildPhases = (
				8B7818F92A2916C200B1E301 /* Sources */,
				8B7818FA2A2916C200B1E301 /* Frameworks */,
				8B7818FB2A2916C200B1E301 /* Resources */,
			);
			buildRules = (
			);
			dependencies = (
			);
			name = PhotoFeed;
			packageProductDependencies = (
				8BF9A93C2A6FD96C00D0EE72 /* ProgressHUD */,
				8B830B152B1B64B100ADB135 /* Kingfisher */,
				8BE072C32B1DD75A00FD0B48 /* SwiftKeychainWrapper */,
			);
			productName = PhotoFeed;
			productReference = 8B7818FD2A2916C200B1E301 /* PhotoFeed.app */;
			productType = "com.apple.product-type.application";
		};
		8BB80C5F2B48432300413563 /* WebViewTests */ = {
			isa = PBXNativeTarget;
			buildConfigurationList = 8BB80C682B48432300413563 /* Build configuration list for PBXNativeTarget "WebViewTests" */;
			buildPhases = (
				8BB80C5C2B48432300413563 /* Sources */,
				8BB80C5D2B48432300413563 /* Frameworks */,
				8BB80C5E2B48432300413563 /* Resources */,
			);
			buildRules = (
			);
			dependencies = (
				8BB80C652B48432300413563 /* PBXTargetDependency */,
			);
			name = WebViewTests;
			productName = PhotoFeedTests;
			productReference = 8BB80C602B48432300413563 /* WebViewTests.xctest */;
			productType = "com.apple.product-type.bundle.unit-test";
		};
		8BB80C712B48446300413563 /* ProfileViewTests */ = {
			isa = PBXNativeTarget;
			buildConfigurationList = 8BB80C782B48446400413563 /* Build configuration list for PBXNativeTarget "ProfileViewTests" */;
			buildPhases = (
				8BB80C6E2B48446300413563 /* Sources */,
				8BB80C6F2B48446300413563 /* Frameworks */,
				8BB80C702B48446300413563 /* Resources */,
			);
			buildRules = (
			);
			dependencies = (
				8BB80C772B48446400413563 /* PBXTargetDependency */,
			);
			name = ProfileViewTests;
			productName = ProfileViewTests;
			productReference = 8BB80C722B48446300413563 /* ProfileViewTests.xctest */;
			productType = "com.apple.product-type.bundle.unit-test";
		};
		8BB80C822B4845FF00413563 /* ImagesListViewTests */ = {
			isa = PBXNativeTarget;
			buildConfigurationList = 8BB80C892B4845FF00413563 /* Build configuration list for PBXNativeTarget "ImagesListViewTests" */;
			buildPhases = (
				8BB80C7F2B4845FF00413563 /* Sources */,
				8BB80C802B4845FF00413563 /* Frameworks */,
				8BB80C812B4845FF00413563 /* Resources */,
			);
			buildRules = (
			);
			dependencies = (
				8BB80C882B4845FF00413563 /* PBXTargetDependency */,
			);
			name = ImagesListViewTests;
			productName = ImagesListViewTests;
			productReference = 8BB80C832B4845FF00413563 /* ImagesListViewTests.xctest */;
			productType = "com.apple.product-type.bundle.unit-test";
		};
		8BC9897C2B4862E0005BB2FB /* PhotoFeedUITests */ = {
			isa = PBXNativeTarget;
			buildConfigurationList = 8BC989872B4862E0005BB2FB /* Build configuration list for PBXNativeTarget "PhotoFeedUITests" */;
			buildPhases = (
				8BC989792B4862E0005BB2FB /* Sources */,
				8BC9897A2B4862E0005BB2FB /* Frameworks */,
				8BC9897B2B4862E0005BB2FB /* Resources */,
			);
			buildRules = (
			);
			dependencies = (
				8BC989842B4862E0005BB2FB /* PBXTargetDependency */,
			);
			name = PhotoFeedUITests;
			productName = PhotoFeedUITests;
			productReference = 8BC9897D2B4862E0005BB2FB /* PhotoFeedUITests.xctest */;
			productType = "com.apple.product-type.bundle.ui-testing";
		};
/* End PBXNativeTarget section */

/* Begin PBXProject section */
		8B7818F52A2916C200B1E301 /* Project object */ = {
			isa = PBXProject;
			attributes = {
				BuildIndependentTargetsInParallel = 1;
				LastSwiftUpdateCheck = 1430;
				LastUpgradeCheck = 1340;
				TargetAttributes = {
					8B7818FC2A2916C200B1E301 = {
						CreatedOnToolsVersion = 13.4.1;
					};
					8BB80C5F2B48432300413563 = {
						CreatedOnToolsVersion = 14.3.1;
						TestTargetID = 8B7818FC2A2916C200B1E301;
					};
					8BB80C712B48446300413563 = {
						CreatedOnToolsVersion = 14.3.1;
						TestTargetID = 8B7818FC2A2916C200B1E301;
					};
					8BB80C822B4845FF00413563 = {
						CreatedOnToolsVersion = 14.3.1;
						TestTargetID = 8B7818FC2A2916C200B1E301;
					};
					8BC9897C2B4862E0005BB2FB = {
						CreatedOnToolsVersion = 14.3.1;
						TestTargetID = 8B7818FC2A2916C200B1E301;
					};
				};
			};
			buildConfigurationList = 8B7818F82A2916C200B1E301 /* Build configuration list for PBXProject "PhotoFeed" */;
			compatibilityVersion = "Xcode 13.0";
			developmentRegion = en;
			hasScannedForEncodings = 0;
			knownRegions = (
				en,
				Base,
			);
			mainGroup = 8B7818F42A2916C200B1E301;
			packageReferences = (
				8BF9A93B2A6FD96C00D0EE72 /* XCRemoteSwiftPackageReference "ProgressHUD" */,
				8B830B142B1B64B100ADB135 /* XCRemoteSwiftPackageReference "Kingfisher" */,
				8BE072C22B1DD75A00FD0B48 /* XCRemoteSwiftPackageReference "SwiftKeychainWrapper" */,
			);
			productRefGroup = 8B7818FE2A2916C200B1E301 /* Products */;
			projectDirPath = "";
			projectRoot = "";
			targets = (
				8B7818FC2A2916C200B1E301 /* PhotoFeed */,
				8BB80C5F2B48432300413563 /* WebViewTests */,
				8BB80C712B48446300413563 /* ProfileViewTests */,
				8BB80C822B4845FF00413563 /* ImagesListViewTests */,
				8BC9897C2B4862E0005BB2FB /* PhotoFeedUITests */,
			);
		};
/* End PBXProject section */

/* Begin PBXResourcesBuildPhase section */
		8B7818FB2A2916C200B1E301 /* Resources */ = {
			isa = PBXResourcesBuildPhase;
			buildActionMask = 2147483647;
			files = (
				8B78190D2A2916C300B1E301 /* LaunchScreen.storyboard in Resources */,
				8B78190A2A2916C300B1E301 /* Assets.xcassets in Resources */,
				8B7819082A2916C200B1E301 /* Main.storyboard in Resources */,
			);
			runOnlyForDeploymentPostprocessing = 0;
		};
		8BB80C5E2B48432300413563 /* Resources */ = {
			isa = PBXResourcesBuildPhase;
			buildActionMask = 2147483647;
			files = (
			);
			runOnlyForDeploymentPostprocessing = 0;
		};
		8BB80C702B48446300413563 /* Resources */ = {
			isa = PBXResourcesBuildPhase;
			buildActionMask = 2147483647;
			files = (
			);
			runOnlyForDeploymentPostprocessing = 0;
		};
		8BB80C812B4845FF00413563 /* Resources */ = {
			isa = PBXResourcesBuildPhase;
			buildActionMask = 2147483647;
			files = (
			);
			runOnlyForDeploymentPostprocessing = 0;
		};
		8BC9897B2B4862E0005BB2FB /* Resources */ = {
			isa = PBXResourcesBuildPhase;
			buildActionMask = 2147483647;
			files = (
			);
			runOnlyForDeploymentPostprocessing = 0;
		};
/* End PBXResourcesBuildPhase section */

/* Begin PBXSourcesBuildPhase section */
		8B7818F92A2916C200B1E301 /* Sources */ = {
			isa = PBXSourcesBuildPhase;
			buildActionMask = 2147483647;
			files = (
				8BE072CC2B24B73E00FD0B48 /* PhotoResult.swift in Sources */,
				8B539BE22B44A09D000F5BF6 /* Profile.swift in Sources */,
				8BE754DC2A63F3BB0066658A /* WebViewViewController.swift in Sources */,
				8B14F8592A7FA638008093A9 /* ProfileService.swift in Sources */,
				8B539BE42B44A81F000F5BF6 /* ProfileImageStructures.swift in Sources */,
				8B7819052A2916C200B1E301 /* ImagesListViewController.swift in Sources */,
				8BD276872A643E1E007C1E52 /* OAuthToTokenStorage.swift in Sources */,
				8B7819372A324C7B00B1E301 /* ImagesListCell.swift in Sources */,
				8BE072C92B24B64300FD0B48 /* ImagesListService.swift in Sources */,
				8B539BD72B447581000F5BF6 /* AuthHelper.swift in Sources */,
				8BDE901A2B30E160000DD3EC /* ProfileResult.swift in Sources */,
				8B539BEB2B4738F6000F5BF6 /* AlertPresenter.swift in Sources */,
				8B539BD52B4473ED000F5BF6 /* AuthConfiguration.swift in Sources */,
				8BD276852A6439B6007C1E52 /* OAuthToService.swift in Sources */,
				8BDED5D12ADE957300780F63 /* ProfileImageService.swift in Sources */,
				8B539BD32B4469DF000F5BF6 /* WebViewPresenter.swift in Sources */,
				8B539BDB2B447FCC000F5BF6 /* URLRequestFactory.swift in Sources */,
				8BD2768B2A643F81007C1E52 /* SplashViewController.swift in Sources */,
				8B3BB9E02A4AD9410024E526 /* ProfileViewController.swift in Sources */,
				8B539BE92B44ADC7000F5BF6 /* Photo.swift in Sources */,
				8BE072C62B1DFCA000FD0B48 /* TabBarController.swift in Sources */,
				8B539BDD2B4485A9000F5BF6 /* Array + Extension.swift in Sources */,
				8B14F85B2A8918E9008093A9 /* URLSessionExtension.swift in Sources */,
				8B77B2302A5561C000DF02BD /* Colors.swift in Sources */,
				8B539BD92B447886000F5BF6 /* OAuthTokenResponseBody.swift in Sources */,
				8B539BDF2B448C48000F5BF6 /* ProfilePresenter.swift in Sources */,
				8B7819012A2916C200B1E301 /* AppDelegate.swift in Sources */,
				8BC2E14D2B2F3ED6001F0062 /* DateFormatter.swift in Sources */,
				8BFA38372A4C7A1800FCF538 /* SingleImageViewController.swift in Sources */,
				8BE754D82A63F0740066658A /* AuthViewController.swift in Sources */,
				8B7819032A2916C200B1E301 /* SceneDelegate.swift in Sources */,
				8B830B132B16665700ADB135 /* NetworkError.swift in Sources */,
				8B539BE62B44AC5C000F5BF6 /* ImagesListPresenter.swift in Sources */,
				8BF9A93F2A70081000D0EE72 /* UIBlockingProgressHUD.swift in Sources */,
			);
			runOnlyForDeploymentPostprocessing = 0;
		};
		8BB80C5C2B48432300413563 /* Sources */ = {
			isa = PBXSourcesBuildPhase;
			buildActionMask = 2147483647;
			files = (
				8BB80C632B48432300413563 /* WebViewTests.swift in Sources */,
				8BB80C6D2B4843F800413563 /* WebViewVewControllerSpy.swift in Sources */,
				8BB80C6B2B4843CC00413563 /* WebViewPresenterSpy.swift in Sources */,
			);
			runOnlyForDeploymentPostprocessing = 0;
		};
		8BB80C6E2B48446300413563 /* Sources */ = {
			isa = PBXSourcesBuildPhase;
			buildActionMask = 2147483647;
			files = (
				8BB80C752B48446400413563 /* ProfileViewTests.swift in Sources */,
				8BB80C7C2B4844AD00413563 /* ProfileViewControllerSpy.swift in Sources */,
				8BB80C7E2B48451500413563 /* ProfileViewPresenterSpy.swift in Sources */,
			);
			runOnlyForDeploymentPostprocessing = 0;
		};
		8BB80C7F2B4845FF00413563 /* Sources */ = {
			isa = PBXSourcesBuildPhase;
			buildActionMask = 2147483647;
			files = (
				8BB80C862B4845FF00413563 /* ImagesListViewTests.swift in Sources */,
				8BB80C8D2B48465B00413563 /* ImagesListPresenterSpy.swift in Sources */,
			);
			runOnlyForDeploymentPostprocessing = 0;
		};
		8BC989792B4862E0005BB2FB /* Sources */ = {
			isa = PBXSourcesBuildPhase;
			buildActionMask = 2147483647;
			files = (
				8BC989802B4862E0005BB2FB /* PhotoFeedUITests.swift in Sources */,
			);
			runOnlyForDeploymentPostprocessing = 0;
		};
/* End PBXSourcesBuildPhase section */

/* Begin PBXTargetDependency section */
		8BB80C652B48432300413563 /* PBXTargetDependency */ = {
			isa = PBXTargetDependency;
			target = 8B7818FC2A2916C200B1E301 /* PhotoFeed */;
			targetProxy = 8BB80C642B48432300413563 /* PBXContainerItemProxy */;
		};
		8BB80C772B48446400413563 /* PBXTargetDependency */ = {
			isa = PBXTargetDependency;
			target = 8B7818FC2A2916C200B1E301 /* PhotoFeed */;
			targetProxy = 8BB80C762B48446400413563 /* PBXContainerItemProxy */;
		};
		8BB80C882B4845FF00413563 /* PBXTargetDependency */ = {
			isa = PBXTargetDependency;
			target = 8B7818FC2A2916C200B1E301 /* PhotoFeed */;
			targetProxy = 8BB80C872B4845FF00413563 /* PBXContainerItemProxy */;
		};
		8BC989842B4862E0005BB2FB /* PBXTargetDependency */ = {
			isa = PBXTargetDependency;
			target = 8B7818FC2A2916C200B1E301 /* PhotoFeed */;
			targetProxy = 8BC989832B4862E0005BB2FB /* PBXContainerItemProxy */;
		};
/* End PBXTargetDependency section */

/* Begin PBXVariantGroup section */
		8B7819062A2916C200B1E301 /* Main.storyboard */ = {
			isa = PBXVariantGroup;
			children = (
				8B7819072A2916C200B1E301 /* Base */,
			);
			name = Main.storyboard;
			sourceTree = "<group>";
		};
		8B78190B2A2916C300B1E301 /* LaunchScreen.storyboard */ = {
			isa = PBXVariantGroup;
			children = (
				8B78190C2A2916C300B1E301 /* Base */,
			);
			name = LaunchScreen.storyboard;
			sourceTree = "<group>";
		};
/* End PBXVariantGroup section */

/* Begin XCBuildConfiguration section */
		8B78190F2A2916C300B1E301 /* Debug */ = {
			isa = XCBuildConfiguration;
			buildSettings = {
				ALWAYS_SEARCH_USER_PATHS = NO;
				CLANG_ANALYZER_NONNULL = YES;
				CLANG_ANALYZER_NUMBER_OBJECT_CONVERSION = YES_AGGRESSIVE;
				CLANG_CXX_LANGUAGE_STANDARD = "gnu++17";
				CLANG_ENABLE_MODULES = YES;
				CLANG_ENABLE_OBJC_ARC = YES;
				CLANG_ENABLE_OBJC_WEAK = YES;
				CLANG_WARN_BLOCK_CAPTURE_AUTORELEASING = YES;
				CLANG_WARN_BOOL_CONVERSION = YES;
				CLANG_WARN_COMMA = YES;
				CLANG_WARN_CONSTANT_CONVERSION = YES;
				CLANG_WARN_DEPRECATED_OBJC_IMPLEMENTATIONS = YES;
				CLANG_WARN_DIRECT_OBJC_ISA_USAGE = YES_ERROR;
				CLANG_WARN_DOCUMENTATION_COMMENTS = YES;
				CLANG_WARN_EMPTY_BODY = YES;
				CLANG_WARN_ENUM_CONVERSION = YES;
				CLANG_WARN_INFINITE_RECURSION = YES;
				CLANG_WARN_INT_CONVERSION = YES;
				CLANG_WARN_NON_LITERAL_NULL_CONVERSION = YES;
				CLANG_WARN_OBJC_IMPLICIT_RETAIN_SELF = YES;
				CLANG_WARN_OBJC_LITERAL_CONVERSION = YES;
				CLANG_WARN_OBJC_ROOT_CLASS = YES_ERROR;
				CLANG_WARN_QUOTED_INCLUDE_IN_FRAMEWORK_HEADER = YES;
				CLANG_WARN_RANGE_LOOP_ANALYSIS = YES;
				CLANG_WARN_STRICT_PROTOTYPES = YES;
				CLANG_WARN_SUSPICIOUS_MOVE = YES;
				CLANG_WARN_UNGUARDED_AVAILABILITY = YES_AGGRESSIVE;
				CLANG_WARN_UNREACHABLE_CODE = YES;
				CLANG_WARN__DUPLICATE_METHOD_MATCH = YES;
				COPY_PHASE_STRIP = NO;
				DEBUG_INFORMATION_FORMAT = dwarf;
				ENABLE_STRICT_OBJC_MSGSEND = YES;
				ENABLE_TESTABILITY = YES;
				GCC_C_LANGUAGE_STANDARD = gnu11;
				GCC_DYNAMIC_NO_PIC = NO;
				GCC_NO_COMMON_BLOCKS = YES;
				GCC_OPTIMIZATION_LEVEL = 0;
				GCC_PREPROCESSOR_DEFINITIONS = (
					"DEBUG=1",
					"$(inherited)",
				);
				GCC_WARN_64_TO_32_BIT_CONVERSION = YES;
				GCC_WARN_ABOUT_RETURN_TYPE = YES_ERROR;
				GCC_WARN_UNDECLARED_SELECTOR = YES;
				GCC_WARN_UNINITIALIZED_AUTOS = YES_AGGRESSIVE;
				GCC_WARN_UNUSED_FUNCTION = YES;
				GCC_WARN_UNUSED_VARIABLE = YES;
				IPHONEOS_DEPLOYMENT_TARGET = 13.0;
				MTL_ENABLE_DEBUG_INFO = INCLUDE_SOURCE;
				MTL_FAST_MATH = YES;
				ONLY_ACTIVE_ARCH = YES;
				SDKROOT = iphoneos;
				SWIFT_ACTIVE_COMPILATION_CONDITIONS = DEBUG;
				SWIFT_OPTIMIZATION_LEVEL = "-Onone";
			};
			name = Debug;
		};
		8B7819102A2916C300B1E301 /* Release */ = {
			isa = XCBuildConfiguration;
			buildSettings = {
				ALWAYS_SEARCH_USER_PATHS = NO;
				CLANG_ANALYZER_NONNULL = YES;
				CLANG_ANALYZER_NUMBER_OBJECT_CONVERSION = YES_AGGRESSIVE;
				CLANG_CXX_LANGUAGE_STANDARD = "gnu++17";
				CLANG_ENABLE_MODULES = YES;
				CLANG_ENABLE_OBJC_ARC = YES;
				CLANG_ENABLE_OBJC_WEAK = YES;
				CLANG_WARN_BLOCK_CAPTURE_AUTORELEASING = YES;
				CLANG_WARN_BOOL_CONVERSION = YES;
				CLANG_WARN_COMMA = YES;
				CLANG_WARN_CONSTANT_CONVERSION = YES;
				CLANG_WARN_DEPRECATED_OBJC_IMPLEMENTATIONS = YES;
				CLANG_WARN_DIRECT_OBJC_ISA_USAGE = YES_ERROR;
				CLANG_WARN_DOCUMENTATION_COMMENTS = YES;
				CLANG_WARN_EMPTY_BODY = YES;
				CLANG_WARN_ENUM_CONVERSION = YES;
				CLANG_WARN_INFINITE_RECURSION = YES;
				CLANG_WARN_INT_CONVERSION = YES;
				CLANG_WARN_NON_LITERAL_NULL_CONVERSION = YES;
				CLANG_WARN_OBJC_IMPLICIT_RETAIN_SELF = YES;
				CLANG_WARN_OBJC_LITERAL_CONVERSION = YES;
				CLANG_WARN_OBJC_ROOT_CLASS = YES_ERROR;
				CLANG_WARN_QUOTED_INCLUDE_IN_FRAMEWORK_HEADER = YES;
				CLANG_WARN_RANGE_LOOP_ANALYSIS = YES;
				CLANG_WARN_STRICT_PROTOTYPES = YES;
				CLANG_WARN_SUSPICIOUS_MOVE = YES;
				CLANG_WARN_UNGUARDED_AVAILABILITY = YES_AGGRESSIVE;
				CLANG_WARN_UNREACHABLE_CODE = YES;
				CLANG_WARN__DUPLICATE_METHOD_MATCH = YES;
				COPY_PHASE_STRIP = NO;
				DEBUG_INFORMATION_FORMAT = "dwarf-with-dsym";
				ENABLE_NS_ASSERTIONS = NO;
				ENABLE_STRICT_OBJC_MSGSEND = YES;
				GCC_C_LANGUAGE_STANDARD = gnu11;
				GCC_NO_COMMON_BLOCKS = YES;
				GCC_WARN_64_TO_32_BIT_CONVERSION = YES;
				GCC_WARN_ABOUT_RETURN_TYPE = YES_ERROR;
				GCC_WARN_UNDECLARED_SELECTOR = YES;
				GCC_WARN_UNINITIALIZED_AUTOS = YES_AGGRESSIVE;
				GCC_WARN_UNUSED_FUNCTION = YES;
				GCC_WARN_UNUSED_VARIABLE = YES;
				IPHONEOS_DEPLOYMENT_TARGET = 13.0;
				MTL_ENABLE_DEBUG_INFO = NO;
				MTL_FAST_MATH = YES;
				SDKROOT = iphoneos;
				SWIFT_COMPILATION_MODE = wholemodule;
				SWIFT_OPTIMIZATION_LEVEL = "-O";
				VALIDATE_PRODUCT = YES;
			};
			name = Release;
		};
		8B7819122A2916C300B1E301 /* Debug */ = {
			isa = XCBuildConfiguration;
			buildSettings = {
				ASSETCATALOG_COMPILER_APPICON_NAME = AppIcon;
				ASSETCATALOG_COMPILER_GLOBAL_ACCENT_COLOR_NAME = AccentColor;
				CODE_SIGN_STYLE = Automatic;
				CURRENT_PROJECT_VERSION = 1;
				DEVELOPMENT_TEAM = WFB452GXLK;
				GENERATE_INFOPLIST_FILE = YES;
				INFOPLIST_FILE = PhotoFeed/Info.plist;
				INFOPLIST_KEY_UIApplicationSupportsIndirectInputEvents = YES;
				INFOPLIST_KEY_UILaunchStoryboardName = LaunchScreen;
				INFOPLIST_KEY_UIMainStoryboardFile = Main;
				INFOPLIST_KEY_UISupportedInterfaceOrientations = UIInterfaceOrientationPortrait;
				INFOPLIST_KEY_UISupportedInterfaceOrientations_iPad = UIInterfaceOrientationPortrait;
				INFOPLIST_KEY_UISupportedInterfaceOrientations_iPhone = UIInterfaceOrientationPortrait;
				IPHONEOS_DEPLOYMENT_TARGET = 13.0;
				LD_RUNPATH_SEARCH_PATHS = (
					"$(inherited)",
					"@executable_path/Frameworks",
				);
				MARKETING_VERSION = 1.0;
				PRODUCT_BUNDLE_IDENTIFIER = "ws.vlad-gorelov.tilda.PhotoFeed";
				PRODUCT_NAME = "$(TARGET_NAME)";
				SWIFT_EMIT_LOC_STRINGS = YES;
				SWIFT_VERSION = 5.0;
				TARGETED_DEVICE_FAMILY = 1;
			};
			name = Debug;
		};
		8B7819132A2916C300B1E301 /* Release */ = {
			isa = XCBuildConfiguration;
			buildSettings = {
				ASSETCATALOG_COMPILER_APPICON_NAME = AppIcon;
				ASSETCATALOG_COMPILER_GLOBAL_ACCENT_COLOR_NAME = AccentColor;
				CODE_SIGN_STYLE = Automatic;
				CURRENT_PROJECT_VERSION = 1;
				DEVELOPMENT_TEAM = WFB452GXLK;
				GENERATE_INFOPLIST_FILE = YES;
				INFOPLIST_FILE = PhotoFeed/Info.plist;
				INFOPLIST_KEY_UIApplicationSupportsIndirectInputEvents = YES;
				INFOPLIST_KEY_UILaunchStoryboardName = LaunchScreen;
				INFOPLIST_KEY_UIMainStoryboardFile = Main;
				INFOPLIST_KEY_UISupportedInterfaceOrientations = UIInterfaceOrientationPortrait;
				INFOPLIST_KEY_UISupportedInterfaceOrientations_iPad = UIInterfaceOrientationPortrait;
				INFOPLIST_KEY_UISupportedInterfaceOrientations_iPhone = UIInterfaceOrientationPortrait;
				IPHONEOS_DEPLOYMENT_TARGET = 13.0;
				LD_RUNPATH_SEARCH_PATHS = (
					"$(inherited)",
					"@executable_path/Frameworks",
				);
				MARKETING_VERSION = 1.0;
				PRODUCT_BUNDLE_IDENTIFIER = "ws.vlad-gorelov.tilda.PhotoFeed";
				PRODUCT_NAME = "$(TARGET_NAME)";
				SWIFT_EMIT_LOC_STRINGS = YES;
				SWIFT_VERSION = 5.0;
				TARGETED_DEVICE_FAMILY = 1;
			};
			name = Release;
		};
		8BB80C662B48432300413563 /* Debug */ = {
			isa = XCBuildConfiguration;
			buildSettings = {
				BUNDLE_LOADER = "$(TEST_HOST)";
				CLANG_CXX_LANGUAGE_STANDARD = "gnu++20";
				CODE_SIGN_STYLE = Automatic;
				CURRENT_PROJECT_VERSION = 1;
				DEVELOPMENT_TEAM = WFB452GXLK;
				GENERATE_INFOPLIST_FILE = YES;
				IPHONEOS_DEPLOYMENT_TARGET = 16.4;
				MARKETING_VERSION = 1.0;
				PRODUCT_BUNDLE_IDENTIFIER = "ws.vlad-gorelov.tilda.PhotoFeedTests";
				PRODUCT_NAME = "$(TARGET_NAME)";
				SWIFT_EMIT_LOC_STRINGS = NO;
				SWIFT_VERSION = 5.0;
				TARGETED_DEVICE_FAMILY = "1,2";
				TEST_HOST = "$(BUILT_PRODUCTS_DIR)/PhotoFeed.app/$(BUNDLE_EXECUTABLE_FOLDER_PATH)/PhotoFeed";
			};
			name = Debug;
		};
		8BB80C672B48432300413563 /* Release */ = {
			isa = XCBuildConfiguration;
			buildSettings = {
				BUNDLE_LOADER = "$(TEST_HOST)";
				CLANG_CXX_LANGUAGE_STANDARD = "gnu++20";
				CODE_SIGN_STYLE = Automatic;
				CURRENT_PROJECT_VERSION = 1;
				DEVELOPMENT_TEAM = WFB452GXLK;
				GENERATE_INFOPLIST_FILE = YES;
				IPHONEOS_DEPLOYMENT_TARGET = 16.4;
				MARKETING_VERSION = 1.0;
				PRODUCT_BUNDLE_IDENTIFIER = "ws.vlad-gorelov.tilda.PhotoFeedTests";
				PRODUCT_NAME = "$(TARGET_NAME)";
				SWIFT_EMIT_LOC_STRINGS = NO;
				SWIFT_VERSION = 5.0;
				TARGETED_DEVICE_FAMILY = "1,2";
				TEST_HOST = "$(BUILT_PRODUCTS_DIR)/PhotoFeed.app/$(BUNDLE_EXECUTABLE_FOLDER_PATH)/PhotoFeed";
			};
			name = Release;
		};
		8BB80C792B48446400413563 /* Debug */ = {
			isa = XCBuildConfiguration;
			buildSettings = {
				BUNDLE_LOADER = "$(TEST_HOST)";
				CLANG_CXX_LANGUAGE_STANDARD = "gnu++20";
				CODE_SIGN_STYLE = Automatic;
				CURRENT_PROJECT_VERSION = 1;
				DEVELOPMENT_TEAM = WFB452GXLK;
				GENERATE_INFOPLIST_FILE = YES;
				IPHONEOS_DEPLOYMENT_TARGET = 16.4;
				MARKETING_VERSION = 1.0;
				PRODUCT_BUNDLE_IDENTIFIER = "ws.vlad-gorelov.tilda.ProfileViewTests";
				PRODUCT_NAME = "$(TARGET_NAME)";
				SWIFT_EMIT_LOC_STRINGS = NO;
				SWIFT_VERSION = 5.0;
				TARGETED_DEVICE_FAMILY = "1,2";
				TEST_HOST = "$(BUILT_PRODUCTS_DIR)/PhotoFeed.app/$(BUNDLE_EXECUTABLE_FOLDER_PATH)/PhotoFeed";
			};
			name = Debug;
		};
		8BB80C7A2B48446400413563 /* Release */ = {
			isa = XCBuildConfiguration;
			buildSettings = {
				BUNDLE_LOADER = "$(TEST_HOST)";
				CLANG_CXX_LANGUAGE_STANDARD = "gnu++20";
				CODE_SIGN_STYLE = Automatic;
				CURRENT_PROJECT_VERSION = 1;
				DEVELOPMENT_TEAM = WFB452GXLK;
				GENERATE_INFOPLIST_FILE = YES;
				IPHONEOS_DEPLOYMENT_TARGET = 16.4;
				MARKETING_VERSION = 1.0;
				PRODUCT_BUNDLE_IDENTIFIER = "ws.vlad-gorelov.tilda.ProfileViewTests";
				PRODUCT_NAME = "$(TARGET_NAME)";
				SWIFT_EMIT_LOC_STRINGS = NO;
				SWIFT_VERSION = 5.0;
				TARGETED_DEVICE_FAMILY = "1,2";
				TEST_HOST = "$(BUILT_PRODUCTS_DIR)/PhotoFeed.app/$(BUNDLE_EXECUTABLE_FOLDER_PATH)/PhotoFeed";
			};
			name = Release;
		};
		8BB80C8A2B4845FF00413563 /* Debug */ = {
			isa = XCBuildConfiguration;
			buildSettings = {
				BUNDLE_LOADER = "$(TEST_HOST)";
				CLANG_CXX_LANGUAGE_STANDARD = "gnu++20";
				CODE_SIGN_STYLE = Automatic;
				CURRENT_PROJECT_VERSION = 1;
				DEVELOPMENT_TEAM = WFB452GXLK;
				GENERATE_INFOPLIST_FILE = YES;
				IPHONEOS_DEPLOYMENT_TARGET = 16.4;
				MARKETING_VERSION = 1.0;
				PRODUCT_BUNDLE_IDENTIFIER = "ws.vlad-gorelov.tilda.ImagesListViewTests";
				PRODUCT_NAME = "$(TARGET_NAME)";
				SWIFT_EMIT_LOC_STRINGS = NO;
				SWIFT_VERSION = 5.0;
				TARGETED_DEVICE_FAMILY = "1,2";
				TEST_HOST = "$(BUILT_PRODUCTS_DIR)/PhotoFeed.app/$(BUNDLE_EXECUTABLE_FOLDER_PATH)/PhotoFeed";
			};
			name = Debug;
		};
		8BB80C8B2B4845FF00413563 /* Release */ = {
			isa = XCBuildConfiguration;
			buildSettings = {
				BUNDLE_LOADER = "$(TEST_HOST)";
				CLANG_CXX_LANGUAGE_STANDARD = "gnu++20";
				CODE_SIGN_STYLE = Automatic;
				CURRENT_PROJECT_VERSION = 1;
				DEVELOPMENT_TEAM = WFB452GXLK;
				GENERATE_INFOPLIST_FILE = YES;
				IPHONEOS_DEPLOYMENT_TARGET = 16.4;
				MARKETING_VERSION = 1.0;
				PRODUCT_BUNDLE_IDENTIFIER = "ws.vlad-gorelov.tilda.ImagesListViewTests";
				PRODUCT_NAME = "$(TARGET_NAME)";
				SWIFT_EMIT_LOC_STRINGS = NO;
				SWIFT_VERSION = 5.0;
				TARGETED_DEVICE_FAMILY = "1,2";
				TEST_HOST = "$(BUILT_PRODUCTS_DIR)/PhotoFeed.app/$(BUNDLE_EXECUTABLE_FOLDER_PATH)/PhotoFeed";
			};
			name = Release;
		};
		8BC989852B4862E0005BB2FB /* Debug */ = {
			isa = XCBuildConfiguration;
			buildSettings = {
				CLANG_CXX_LANGUAGE_STANDARD = "gnu++20";
				CODE_SIGN_STYLE = Automatic;
				CURRENT_PROJECT_VERSION = 1;
				DEVELOPMENT_TEAM = WFB452GXLK;
				GENERATE_INFOPLIST_FILE = YES;
				IPHONEOS_DEPLOYMENT_TARGET = 16.4;
				MARKETING_VERSION = 1.0;
				PRODUCT_BUNDLE_IDENTIFIER = "ws.vlad-gorelov.tilda.PhotoFeedUITests";
				PRODUCT_NAME = "$(TARGET_NAME)";
				SWIFT_EMIT_LOC_STRINGS = NO;
				SWIFT_VERSION = 5.0;
				TARGETED_DEVICE_FAMILY = "1,2";
				TEST_TARGET_NAME = PhotoFeed;
			};
			name = Debug;
		};
		8BC989862B4862E0005BB2FB /* Release */ = {
			isa = XCBuildConfiguration;
			buildSettings = {
				CLANG_CXX_LANGUAGE_STANDARD = "gnu++20";
				CODE_SIGN_STYLE = Automatic;
				CURRENT_PROJECT_VERSION = 1;
				DEVELOPMENT_TEAM = WFB452GXLK;
				GENERATE_INFOPLIST_FILE = YES;
				IPHONEOS_DEPLOYMENT_TARGET = 16.4;
				MARKETING_VERSION = 1.0;
				PRODUCT_BUNDLE_IDENTIFIER = "ws.vlad-gorelov.tilda.PhotoFeedUITests";
				PRODUCT_NAME = "$(TARGET_NAME)";
				SWIFT_EMIT_LOC_STRINGS = NO;
				SWIFT_VERSION = 5.0;
				TARGETED_DEVICE_FAMILY = "1,2";
				TEST_TARGET_NAME = PhotoFeed;
			};
			name = Release;
		};
/* End XCBuildConfiguration section */

/* Begin XCConfigurationList section */
		8B7818F82A2916C200B1E301 /* Build configuration list for PBXProject "PhotoFeed" */ = {
			isa = XCConfigurationList;
			buildConfigurations = (
				8B78190F2A2916C300B1E301 /* Debug */,
				8B7819102A2916C300B1E301 /* Release */,
			);
			defaultConfigurationIsVisible = 0;
			defaultConfigurationName = Release;
		};
		8B7819112A2916C300B1E301 /* Build configuration list for PBXNativeTarget "PhotoFeed" */ = {
			isa = XCConfigurationList;
			buildConfigurations = (
				8B7819122A2916C300B1E301 /* Debug */,
				8B7819132A2916C300B1E301 /* Release */,
			);
			defaultConfigurationIsVisible = 0;
			defaultConfigurationName = Release;
		};
		8BB80C682B48432300413563 /* Build configuration list for PBXNativeTarget "WebViewTests" */ = {
			isa = XCConfigurationList;
			buildConfigurations = (
				8BB80C662B48432300413563 /* Debug */,
				8BB80C672B48432300413563 /* Release */,
			);
			defaultConfigurationIsVisible = 0;
			defaultConfigurationName = Release;
		};
		8BB80C782B48446400413563 /* Build configuration list for PBXNativeTarget "ProfileViewTests" */ = {
			isa = XCConfigurationList;
			buildConfigurations = (
				8BB80C792B48446400413563 /* Debug */,
				8BB80C7A2B48446400413563 /* Release */,
			);
			defaultConfigurationIsVisible = 0;
			defaultConfigurationName = Release;
		};
		8BB80C892B4845FF00413563 /* Build configuration list for PBXNativeTarget "ImagesListViewTests" */ = {
			isa = XCConfigurationList;
			buildConfigurations = (
				8BB80C8A2B4845FF00413563 /* Debug */,
				8BB80C8B2B4845FF00413563 /* Release */,
			);
			defaultConfigurationIsVisible = 0;
			defaultConfigurationName = Release;
		};
		8BC989872B4862E0005BB2FB /* Build configuration list for PBXNativeTarget "PhotoFeedUITests" */ = {
			isa = XCConfigurationList;
			buildConfigurations = (
				8BC989852B4862E0005BB2FB /* Debug */,
				8BC989862B4862E0005BB2FB /* Release */,
			);
			defaultConfigurationIsVisible = 0;
			defaultConfigurationName = Release;
		};
/* End XCConfigurationList section */

/* Begin XCRemoteSwiftPackageReference section */
		8B830B142B1B64B100ADB135 /* XCRemoteSwiftPackageReference "Kingfisher" */ = {
			isa = XCRemoteSwiftPackageReference;
			repositoryURL = "https://github.com/onevcat/Kingfisher.git";
			requirement = {
				kind = upToNextMajorVersion;
				minimumVersion = 7.0.0;
			};
		};
		8BE072C22B1DD75A00FD0B48 /* XCRemoteSwiftPackageReference "SwiftKeychainWrapper" */ = {
			isa = XCRemoteSwiftPackageReference;
			repositoryURL = "https://github.com/jrendel/SwiftKeychainWrapper";
			requirement = {
				kind = upToNextMajorVersion;
				minimumVersion = 4.0.0;
			};
		};
		8BF9A93B2A6FD96C00D0EE72 /* XCRemoteSwiftPackageReference "ProgressHUD" */ = {
			isa = XCRemoteSwiftPackageReference;
			repositoryURL = "https://github.com/relatedcode/ProgressHUD";
			requirement = {
				kind = exactVersion;
				version = 13.7.2;
			};
		};
/* End XCRemoteSwiftPackageReference section */

/* Begin XCSwiftPackageProductDependency section */
		8B830B152B1B64B100ADB135 /* Kingfisher */ = {
			isa = XCSwiftPackageProductDependency;
			package = 8B830B142B1B64B100ADB135 /* XCRemoteSwiftPackageReference "Kingfisher" */;
			productName = Kingfisher;
		};
		8BE072C32B1DD75A00FD0B48 /* SwiftKeychainWrapper */ = {
			isa = XCSwiftPackageProductDependency;
			package = 8BE072C22B1DD75A00FD0B48 /* XCRemoteSwiftPackageReference "SwiftKeychainWrapper" */;
			productName = SwiftKeychainWrapper;
		};
		8BF9A93C2A6FD96C00D0EE72 /* ProgressHUD */ = {
			isa = XCSwiftPackageProductDependency;
			package = 8BF9A93B2A6FD96C00D0EE72 /* XCRemoteSwiftPackageReference "ProgressHUD" */;
			productName = ProgressHUD;
		};
/* End XCSwiftPackageProductDependency section */
	};
	rootObject = 8B7818F52A2916C200B1E301 /* Project object */;
}
